
Microsoft Visual Studio Solution File, Format Version 12.00
# Visual Studio 15
VisualStudioVersion = 15.0.27703.2000
MinimumVisualStudioVersion = 10.0.40219.1
Project("{FAE04EC0-301F-11D3-BF4B-00C04F79EFBC}") = "GetMenuPages", "GetMenuPages\GetMenuPages.csproj", "{30D49538-6860-42F6-B0F0-6086529408AB}"
EndProject
Global
	GlobalSection(SolutionConfigurationPlatforms) = preSolution
		Debug|Any CPU = Debug|Any CPU
		Release|Any CPU = Release|Any CPU
	EndGlobalSection
	GlobalSection(ProjectConfigurationPlatforms) = postSolution
		{30D49538-6860-42F6-B0F0-6086529408AB}.Debug|Any CPU.ActiveCfg = Debug|Any CPU
		{30D49538-6860-42F6-B0F0-6086529408AB}.Debug|Any CPU.Build.0 = Debug|Any CPU
		{30D49538-6860-42F6-B0F0-6086529408AB}.Release|Any CPU.ActiveCfg = Release|Any CPU
		{30D49538-6860-42F6-B0F0-6086529408AB}.Release|Any CPU.Build.0 = Release|Any CPU
	EndGlobalSection
	GlobalSection(SolutionProperties) = preSolution
		HideSolutionNode = FALSE
	EndGlobalSection
	GlobalSection(ExtensibilityGlobals) = postSolution
		SolutionGuid = {55D830AF-B316-4E67-824C-806336C1FFEE}
	EndGlobalSection
EndGlobal
